
Microsoft Visual Studio Solution File, Format Version 11.00
# Visual Studio 2010
Project("{FAE04EC0-301F-11D3-BF4B-00C04F79EFBC}") = "haha", "Assembly-CSharp.csproj", "{685AEC6A-69D7-21A3-9650-19EE00382993}"
EndProject
Project("{FAE04EC0-301F-11D3-BF4B-00C04F79EFBC}") = "haha", "Assembly-CSharp-Editor.csproj", "{BAD8ABDC-E8F8-0FDE-5DBE-A82103E1EC7F}"
EndProject
Global
	GlobalSection(SolutionConfigurationPlatforms) = preSolution
		Debug|Any CPU = Debug|Any CPU
		Release|Any CPU = Release|Any CPU
	EndGlobalSection
	GlobalSection(ProjectConfigurationPlatforms) = postSolution
		{685AEC6A-69D7-21A3-9650-19EE00382993}.Debug|Any CPU.ActiveCfg = Debug|Any CPU
		{685AEC6A-69D7-21A3-9650-19EE00382993}.Debug|Any CPU.Build.0 = Debug|Any CPU
		{685AEC6A-69D7-21A3-9650-19EE00382993}.Release|Any CPU.ActiveCfg = Release|Any CPU
		{685AEC6A-69D7-21A3-9650-19EE00382993}.Release|Any CPU.Build.0 = Release|Any CPU
		{BAD8ABDC-E8F8-0FDE-5DBE-A82103E1EC7F}.Debug|Any CPU.ActiveCfg = Debug|Any CPU
		{BAD8ABDC-E8F8-0FDE-5DBE-A82103E1EC7F}.Debug|Any CPU.Build.0 = Debug|Any CPU
		{BAD8ABDC-E8F8-0FDE-5DBE-A82103E1EC7F}.Release|Any CPU.ActiveCfg = Release|Any CPU
		{BAD8ABDC-E8F8-0FDE-5DBE-A82103E1EC7F}.Release|Any CPU.Build.0 = Release|Any CPU
	EndGlobalSection
	GlobalSection(SolutionProperties) = preSolution
		HideSolutionNode = FALSE
	EndGlobalSection
	GlobalSection(MonoDevelopProperties) = preSolution
		StartupItem = Assembly-CSharp.csproj
	EndGlobalSection
EndGlobal
